
Microsoft Visual Studio Solution File, Format Version 12.00
# Visual Studio Version 16
VisualStudioVersion = 16.0.30413.136
MinimumVisualStudioVersion = 10.0.40219.1
Project("{9A19103F-16F7-4668-BE54-9A1E7A4F7556}") = "csmcrc", "csmcrc.csproj", "{4ED7C81E-2140-46B3-A117-AD77FB990025}"
EndProject
Project("{FAE04EC0-301F-11D3-BF4B-00C04F79EFBC}") = "CsmcrcTester", "..\CsmcrcTester\CsmcrcTester.csproj", "{36BAC75F-9306-4F51-95E8-F6DDE2473418}"
EndProject
Global
	GlobalSection(SolutionConfigurationPlatforms) = preSolution
		Debug|Any CPU = Debug|Any CPU
		Release|Any CPU = Release|Any CPU
	EndGlobalSection
	GlobalSection(ProjectConfigurationPlatforms) = postSolution
		{4ED7C81E-2140-46B3-A117-AD77FB990025}.Debug|Any CPU.ActiveCfg = Debug|Any CPU
		{4ED7C81E-2140-46B3-A117-AD77FB990025}.Debug|Any CPU.Build.0 = Debug|Any CPU
		{4ED7C81E-2140-46B3-A117-AD77FB990025}.Release|Any CPU.ActiveCfg = Release|Any CPU
		{4ED7C81E-2140-46B3-A117-AD77FB990025}.Release|Any CPU.Build.0 = Release|Any CPU
		{36BAC75F-9306-4F51-95E8-F6DDE2473418}.Debug|Any CPU.ActiveCfg = Debug|Any CPU
		{36BAC75F-9306-4F51-95E8-F6DDE2473418}.Debug|Any CPU.Build.0 = Debug|Any CPU
		{36BAC75F-9306-4F51-95E8-F6DDE2473418}.Release|Any CPU.ActiveCfg = Release|Any CPU
		{36BAC75F-9306-4F51-95E8-F6DDE2473418}.Release|Any CPU.Build.0 = Release|Any CPU
	EndGlobalSection
	GlobalSection(SolutionProperties) = preSolution
		HideSolutionNode = FALSE
	EndGlobalSection
	GlobalSection(ExtensibilityGlobals) = postSolution
		SolutionGuid = {D1662D3F-EA63-4FE9-B82D-46B7E556B649}
	EndGlobalSection
EndGlobal
